// !$*UTF8*$!
{
	archiveVersion = 1;
	classes = {
	};
	objectVersion = 77;
	objects = {

/* Begin PBXBuildFile section */
		840E9ED92EB16052000880BD /* Assets.xcassets in Resources */ = {isa = PBXBuildFile; fileRef = 840E9ED52EB16052000880BD /* Assets.xcassets */; };
		840E9EDA2EB16052000880BD /* ContentView.swift in Sources */ = {isa = PBXBuildFile; fileRef = 840E9ED62EB16052000880BD /* ContentView.swift */; };
		840E9EDB2EB16052000880BD /* RibaundApp.swift in Sources */ = {isa = PBXBuildFile; fileRef = 840E9ED72EB16052000880BD /* RibaundApp.swift */; };
		840E9EE12EB16090000880BD /* Post.swift in Sources */ = {isa = PBXBuildFile; fileRef = 840E9EE02EB16090000880BD /* Post.swift */; };
		8435994F2ECFAC0E00B6CCAC /* WordPressService.swift in Sources */ = {isa = PBXBuildFile; fileRef = 8435994E2ECFAC0E00B6CCAC /* WordPressService.swift */; };
		843599512ECFAC7000B6CCAC /* PostDetailView.swift in Sources */ = {isa = PBXBuildFile; fileRef = 843599502ECFAC7000B6CCAC /* PostDetailView.swift */; };
		843599532ECFB01A00B6CCAC /* Category.swift in Sources */ = {isa = PBXBuildFile; fileRef = 843599522ECFB01A00B6CCAC /* Category.swift */; };
		843599552ECFB07500B6CCAC /* PostRowView.swift in Sources */ = {isa = PBXBuildFile; fileRef = 843599542ECFB07500B6CCAC /* PostRowView.swift */; };
		843599572ECFB2BB00B6CCAC /* ErrorView.swift in Sources */ = {isa = PBXBuildFile; fileRef = 843599562ECFB2BB00B6CCAC /* ErrorView.swift */; };
/* End PBXBuildFile section */

/* Begin PBXFileReference section */
		840E9EC72EB1604B000880BD /* Ribaund.app */ = {isa = PBXFileReference; explicitFileType = wrapper.application; includeInIndex = 0; path = Ribaund.app; sourceTree = BUILT_PRODUCTS_DIR; };
		840E9ED52EB16052000880BD /* Assets.xcassets */ = {isa = PBXFileReference; lastKnownFileType = folder.assetcatalog; path = Assets.xcassets; sourceTree = "<group>"; };
		840E9ED62EB16052000880BD /* ContentView.swift */ = {isa = PBXFileReference; lastKnownFileType = sourcecode.swift; path = ContentView.swift; sourceTree = "<group>"; };
		840E9ED72EB16052000880BD /* RibaundApp.swift */ = {isa = PBXFileReference; lastKnownFileType = sourcecode.swift; path = RibaundApp.swift; sourceTree = "<group>"; };
		840E9EE02EB16090000880BD /* Post.swift */ = {isa = PBXFileReference; lastKnownFileType = sourcecode.swift; path = Post.swift; sourceTree = "<group>"; };
		8435994E2ECFAC0E00B6CCAC /* WordPressService.swift */ = {isa = PBXFileReference; lastKnownFileType = sourcecode.swift; path = WordPressService.swift; sourceTree = "<group>"; };
		843599502ECFAC7000B6CCAC /* PostDetailView.swift */ = {isa = PBXFileReference; lastKnownFileType = sourcecode.swift; path = PostDetailView.swift; sourceTree = "<group>"; };
		843599522ECFB01A00B6CCAC /* Category.swift */ = {isa = PBXFileReference; lastKnownFileType = sourcecode.swift; path = Category.swift; sourceTree = "<group>"; };
		843599542ECFB07500B6CCAC /* PostRowView.swift */ = {isa = PBXFileReference; lastKnownFileType = sourcecode.swift; path = PostRowView.swift; sourceTree = "<group>"; };
		843599562ECFB2BB00B6CCAC /* ErrorView.swift */ = {isa = PBXFileReference; lastKnownFileType = sourcecode.swift; path = ErrorView.swift; sourceTree = "<group>"; };
/* End PBXFileReference section */

/* Begin PBXFrameworksBuildPhase section */
		840E9EC42EB1604B000880BD /* Frameworks */ = {
			isa = PBXFrameworksBuildPhase;
			buildActionMask = 2147483647;
			files = (
			);
			runOnlyForDeploymentPostprocessing = 0;
		};
/* End PBXFrameworksBuildPhase section */

/* Begin PBXGroup section */
		840E9EBE2EB1604B000880BD = {
			isa = PBXGroup;
			children = (
				840E9ED82EB16052000880BD /* Ribaund */,
				840E9EC82EB1604B000880BD /* Products */,
			);
			sourceTree = "<group>";
		};
		840E9EC82EB1604B000880BD /* Products */ = {
			isa = PBXGroup;
			children = (
				840E9EC72EB1604B000880BD /* Ribaund.app */,
			);
			name = Products;
			sourceTree = "<group>";
		};
		840E9ED82EB16052000880BD /* Ribaund */ = {
			isa = PBXGroup;
			children = (
				840E9EDF2EB16074000880BD /* ViewModels */,
				840E9EDE2EB1606E000880BD /* Views */,
				840E9EDD2EB16059000880BD /* Models */,
				840E9EDC2EB16054000880BD /* App */,
				840E9ED52EB16052000880BD /* Assets.xcassets */,
			);
			path = Ribaund;
			sourceTree = "<group>";
		};
		840E9EDC2EB16054000880BD /* App */ = {
			isa = PBXGroup;
			children = (
				840E9ED72EB16052000880BD /* RibaundApp.swift */,
			);
			path = App;
			sourceTree = "<group>";
		};
		840E9EDD2EB16059000880BD /* Models */ = {
			isa = PBXGroup;
			children = (
				840E9EE02EB16090000880BD /* Post.swift */,
				843599522ECFB01A00B6CCAC /* Category.swift */,
			);
			path = Models;
			sourceTree = "<group>";
		};
		840E9EDE2EB1606E000880BD /* Views */ = {
			isa = PBXGroup;
			children = (
				840E9ED62EB16052000880BD /* ContentView.swift */,
				843599502ECFAC7000B6CCAC /* PostDetailView.swift */,
				843599542ECFB07500B6CCAC /* PostRowView.swift */,
				843599562ECFB2BB00B6CCAC /* ErrorView.swift */,
			);
			path = Views;
			sourceTree = "<group>";
		};
		840E9EDF2EB16074000880BD /* ViewModels */ = {
			isa = PBXGroup;
			children = (
				8435994E2ECFAC0E00B6CCAC /* WordPressService.swift */,
			);
			path = ViewModels;
			sourceTree = "<group>";
		};
/* End PBXGroup section */

/* Begin PBXNativeTarget section */
		840E9EC62EB1604B000880BD /* Ribaund */ = {
			isa = PBXNativeTarget;
			buildConfigurationList = 840E9ED22EB1604C000880BD /* Build configuration list for PBXNativeTarget "Ribaund" */;
			buildPhases = (
				840E9EC32EB1604B000880BD /* Sources */,
				840E9EC42EB1604B000880BD /* Frameworks */,
				840E9EC52EB1604B000880BD /* Resources */,
			);
			buildRules = (
			);
			dependencies = (
			);
			name = Ribaund;
			packageProductDependencies = (
			);
			productName = Ribaund;
			productReference = 840E9EC72EB1604B000880BD /* Ribaund.app */;
			productType = "com.apple.product-type.application";
		};
/* End PBXNativeTarget section */

/* Begin PBXProject section */
		840E9EBF2EB1604B000880BD /* Project object */ = {
			isa = PBXProject;
			attributes = {
				BuildIndependentTargetsInParallel = 1;
				LastSwiftUpdateCheck = 2600;
				LastUpgradeCheck = 2600;
				TargetAttributes = {
					840E9EC62EB1604B000880BD = {
						CreatedOnToolsVersion = 26.0.1;
					};
				};
			};
			buildConfigurationList = 840E9EC22EB1604B000880BD /* Build configuration list for PBXProject "Ribaund" */;
			developmentRegion = en;
			hasScannedForEncodings = 0;
			knownRegions = (
				en,
				Base,
			);
			mainGroup = 840E9EBE2EB1604B000880BD;
			minimizedProjectReferenceProxies = 1;
			preferredProjectObjectVersion = 77;
			productRefGroup = 840E9EC82EB1604B000880BD /* Products */;
			projectDirPath = "";
			projectRoot = "";
			targets = (
				840E9EC62EB1604B000880BD /* Ribaund */,
			);
		};
/* End PBXProject section */

/* Begin PBXResourcesBuildPhase section */
		840E9EC52EB1604B000880BD /* Resources */ = {
			isa = PBXResourcesBuildPhase;
			buildActionMask = 2147483647;
			files = (
				840E9ED92EB16052000880BD /* Assets.xcassets in Resources */,
			);
			runOnlyForDeploymentPostprocessing = 0;
		};
/* End PBXResourcesBuildPhase section */

/* Begin PBXSourcesBuildPhase section */
		840E9EC32EB1604B000880BD /* Sources */ = {
			isa = PBXSourcesBuildPhase;
			buildActionMask = 2147483647;
			files = (
				840E9EE12EB16090000880BD /* Post.swift in Sources */,
				843599512ECFAC7000B6CCAC /* PostDetailView.swift in Sources */,
				843599552ECFB07500B6CCAC /* PostRowView.swift in Sources */,
				840E9EDA2EB16052000880BD /* ContentView.swift in Sources */,
				840E9EDB2EB16052000880BD /* RibaundApp.swift in Sources */,
				8435994F2ECFAC0E00B6CCAC /* WordPressService.swift in Sources */,
				843599532ECFB01A00B6CCAC /* Category.swift in Sources */,
				843599572ECFB2BB00B6CCAC /* ErrorView.swift in Sources */,
			);
			runOnlyForDeploymentPostprocessing = 0;
		};
/* End PBXSourcesBuildPhase section */

/* Begin XCBuildConfiguration section */
		840E9ED02EB1604C000880BD /* Debug */ = {
			isa = XCBuildConfiguration;
			buildSettings = {
				ALWAYS_SEARCH_USER_PATHS = NO;
				ASSETCATALOG_COMPILER_GENERATE_SWIFT_ASSET_SYMBOL_EXTENSIONS = YES;
				CLANG_ANALYZER_NONNULL = YES;
				CLANG_ANALYZER_NUMBER_OBJECT_CONVERSION = YES_AGGRESSIVE;
				CLANG_CXX_LANGUAGE_STANDARD = "gnu++20";
				CLANG_ENABLE_MODULES = YES;
				CLANG_ENABLE_OBJC_ARC = YES;
				CLANG_ENABLE_OBJC_WEAK = YES;
				CLANG_WARN_BLOCK_CAPTURE_AUTORELEASING = YES;
				CLANG_WARN_BOOL_CONVERSION = YES;
				CLANG_WARN_COMMA = YES;
				CLANG_WARN_CONSTANT_CONVERSION = YES;
				CLANG_WARN_DEPRECATED_OBJC_IMPLEMENTATIONS = YES;
				CLANG_WARN_DIRECT_OBJC_ISA_USAGE = YES_ERROR;
				CLANG_WARN_DOCUMENTATION_COMMENTS = YES;
				CLANG_WARN_EMPTY_BODY = YES;
				CLANG_WARN_ENUM_CONVERSION = YES;
				CLANG_WARN_INFINITE_RECURSION = YES;
				CLANG_WARN_INT_CONVERSION = YES;
				CLANG_WARN_NON_LITERAL_NULL_CONVERSION = YES;
				CLANG_WARN_OBJC_IMPLICIT_RETAIN_SELF = YES;
				CLANG_WARN_OBJC_LITERAL_CONVERSION = YES;
				CLANG_WARN_OBJC_ROOT_CLASS = YES_ERROR;
				CLANG_WARN_QUOTED_INCLUDE_IN_FRAMEWORK_HEADER = YES;
				CLANG_WARN_RANGE_LOOP_ANALYSIS = YES;
				CLANG_WARN_STRICT_PROTOTYPES = YES;
				CLANG_WARN_SUSPICIOUS_MOVE = YES;
				CLANG_WARN_UNGUARDED_AVAILABILITY = YES_AGGRESSIVE;
				CLANG_WARN_UNREACHABLE_CODE = YES;
				CLANG_WARN__DUPLICATE_METHOD_MATCH = YES;
				COPY_PHASE_STRIP = NO;
				DEBUG_INFORMATION_FORMAT = dwarf;
				DEVELOPMENT_TEAM = G3CQ4T9TU2;
				ENABLE_STRICT_OBJC_MSGSEND = YES;
				ENABLE_TESTABILITY = YES;
				ENABLE_USER_SCRIPT_SANDBOXING = YES;
				GCC_C_LANGUAGE_STANDARD = gnu17;
				GCC_DYNAMIC_NO_PIC = NO;
				GCC_NO_COMMON_BLOCKS = YES;
				GCC_OPTIMIZATION_LEVEL = 0;
				GCC_PREPROCESSOR_DEFINITIONS = (
					"DEBUG=1",
					"$(inherited)",
				);
				GCC_WARN_64_TO_32_BIT_CONVERSION = YES;
				GCC_WARN_ABOUT_RETURN_TYPE = YES_ERROR;
				GCC_WARN_UNDECLARED_SELECTOR = YES;
				GCC_WARN_UNINITIALIZED_AUTOS = YES_AGGRESSIVE;
				GCC_WARN_UNUSED_FUNCTION = YES;
				GCC_WARN_UNUSED_VARIABLE = YES;
				IPHONEOS_DEPLOYMENT_TARGET = 26.0;
				LOCALIZATION_PREFERS_STRING_CATALOGS = YES;
				MTL_ENABLE_DEBUG_INFO = INCLUDE_SOURCE;
				MTL_FAST_MATH = YES;
				ONLY_ACTIVE_ARCH = YES;
				SDKROOT = iphoneos;
				SWIFT_ACTIVE_COMPILATION_CONDITIONS = "DEBUG $(inherited)";
				SWIFT_OPTIMIZATION_LEVEL = "-Onone";
			};
			name = Debug;
		};
		840E9ED12EB1604C000880BD /* Release */ = {
			isa = XCBuildConfiguration;
			buildSettings = {
				ALWAYS_SEARCH_USER_PATHS = NO;
				ASSETCATALOG_COMPILER_GENERATE_SWIFT_ASSET_SYMBOL_EXTENSIONS = YES;
				CLANG_ANALYZER_NONNULL = YES;
				CLANG_ANALYZER_NUMBER_OBJECT_CONVERSION = YES_AGGRESSIVE;
				CLANG_CXX_LANGUAGE_STANDARD = "gnu++20";
				CLANG_ENABLE_MODULES = YES;
				CLANG_ENABLE_OBJC_ARC = YES;
				CLANG_ENABLE_OBJC_WEAK = YES;
				CLANG_WARN_BLOCK_CAPTURE_AUTORELEASING = YES;
				CLANG_WARN_BOOL_CONVERSION = YES;
				CLANG_WARN_COMMA = YES;
				CLANG_WARN_CONSTANT_CONVERSION = YES;
				CLANG_WARN_DEPRECATED_OBJC_IMPLEMENTATIONS = YES;
				CLANG_WARN_DIRECT_OBJC_ISA_USAGE = YES_ERROR;
				CLANG_WARN_DOCUMENTATION_COMMENTS = YES;
				CLANG_WARN_EMPTY_BODY = YES;
				CLANG_WARN_ENUM_CONVERSION = YES;
				CLANG_WARN_INFINITE_RECURSION = YES;
				CLANG_WARN_INT_CONVERSION = YES;
				CLANG_WARN_NON_LITERAL_NULL_CONVERSION = YES;
				CLANG_WARN_OBJC_IMPLICIT_RETAIN_SELF = YES;
				CLANG_WARN_OBJC_LITERAL_CONVERSION = YES;
				CLANG_WARN_OBJC_ROOT_CLASS = YES_ERROR;
				CLANG_WARN_QUOTED_INCLUDE_IN_FRAMEWORK_HEADER = YES;
				CLANG_WARN_RANGE_LOOP_ANALYSIS = YES;
				CLANG_WARN_STRICT_PROTOTYPES = YES;
				CLANG_WARN_SUSPICIOUS_MOVE = YES;
				CLANG_WARN_UNGUARDED_AVAILABILITY = YES_AGGRESSIVE;
				CLANG_WARN_UNREACHABLE_CODE = YES;
				CLANG_WARN__DUPLICATE_METHOD_MATCH = YES;
				COPY_PHASE_STRIP = NO;
				DEBUG_INFORMATION_FORMAT = "dwarf-with-dsym";
				DEVELOPMENT_TEAM = G3CQ4T9TU2;
				ENABLE_NS_ASSERTIONS = NO;
				ENABLE_STRICT_OBJC_MSGSEND = YES;
				ENABLE_USER_SCRIPT_SANDBOXING = YES;
				GCC_C_LANGUAGE_STANDARD = gnu17;
				GCC_NO_COMMON_BLOCKS = YES;
				GCC_WARN_64_TO_32_BIT_CONVERSION = YES;
				GCC_WARN_ABOUT_RETURN_TYPE = YES_ERROR;
				GCC_WARN_UNDECLARED_SELECTOR = YES;
				GCC_WARN_UNINITIALIZED_AUTOS = YES_AGGRESSIVE;
				GCC_WARN_UNUSED_FUNCTION = YES;
				GCC_WARN_UNUSED_VARIABLE = YES;
				IPHONEOS_DEPLOYMENT_TARGET = 26.0;
				LOCALIZATION_PREFERS_STRING_CATALOGS = YES;
				MTL_ENABLE_DEBUG_INFO = NO;
				MTL_FAST_MATH = YES;
				SDKROOT = iphoneos;
				SWIFT_COMPILATION_MODE = wholemodule;
				VALIDATE_PRODUCT = YES;
			};
			name = Release;
		};
		840E9ED32EB1604C000880BD /* Debug */ = {
			isa = XCBuildConfiguration;
			buildSettings = {
				ASSETCATALOG_COMPILER_APPICON_NAME = AppIcon;
				ASSETCATALOG_COMPILER_GLOBAL_ACCENT_COLOR_NAME = AccentColor;
				CODE_SIGN_STYLE = Automatic;
				CURRENT_PROJECT_VERSION = 1;
				DEVELOPMENT_TEAM = G3CQ4T9TU2;
				ENABLE_PREVIEWS = YES;
				GENERATE_INFOPLIST_FILE = YES;
				INFOPLIST_KEY_UIApplicationSceneManifest_Generation = YES;
				INFOPLIST_KEY_UIApplicationSupportsIndirectInputEvents = YES;
				INFOPLIST_KEY_UILaunchScreen_Generation = YES;
				INFOPLIST_KEY_UISupportedInterfaceOrientations_iPad = "UIInterfaceOrientationPortrait UIInterfaceOrientationPortraitUpsideDown UIInterfaceOrientationLandscapeLeft UIInterfaceOrientationLandscapeRight";
				INFOPLIST_KEY_UISupportedInterfaceOrientations_iPhone = "UIInterfaceOrientationPortrait UIInterfaceOrientationLandscapeLeft UIInterfaceOrientationLandscapeRight";
				LD_RUNPATH_SEARCH_PATHS = (
					"$(inherited)",
					"@executable_path/Frameworks",
				);
				MARKETING_VERSION = 1.0;
				PRODUCT_BUNDLE_IDENTIFIER = alperensarisan.Ribaund;
				PRODUCT_NAME = "$(TARGET_NAME)";
				STRING_CATALOG_GENERATE_SYMBOLS = YES;
				SWIFT_APPROACHABLE_CONCURRENCY = YES;
				SWIFT_DEFAULT_ACTOR_ISOLATION = MainActor;
				SWIFT_EMIT_LOC_STRINGS = YES;
				SWIFT_UPCOMING_FEATURE_MEMBER_IMPORT_VISIBILITY = YES;
				SWIFT_VERSION = 5.0;
				TARGETED_DEVICE_FAMILY = "1,2";
			};
			name = Debug;
		};
		840E9ED42EB1604C000880BD /* Release */ = {
			isa = XCBuildConfiguration;
			buildSettings = {
				ASSETCATALOG_COMPILER_APPICON_NAME = AppIcon;
				ASSETCATALOG_COMPILER_GLOBAL_ACCENT_COLOR_NAME = AccentColor;
				CODE_SIGN_STYLE = Automatic;
				CURRENT_PROJECT_VERSION = 1;
				DEVELOPMENT_TEAM = G3CQ4T9TU2;
				ENABLE_PREVIEWS = YES;
				GENERATE_INFOPLIST_FILE = YES;
				INFOPLIST_KEY_UIApplicationSceneManifest_Generation = YES;
				INFOPLIST_KEY_UIApplicationSupportsIndirectInputEvents = YES;
				INFOPLIST_KEY_UILaunchScreen_Generation = YES;
				INFOPLIST_KEY_UISupportedInterfaceOrientations_iPad = "UIInterfaceOrientationPortrait UIInterfaceOrientationPortraitUpsideDown UIInterfaceOrientationLandscapeLeft UIInterfaceOrientationLandscapeRight";
				INFOPLIST_KEY_UISupportedInterfaceOrientations_iPhone = "UIInterfaceOrientationPortrait UIInterfaceOrientationLandscapeLeft UIInterfaceOrientationLandscapeRight";
				LD_RUNPATH_SEARCH_PATHS = (
					"$(inherited)",
					"@executable_path/Frameworks",
				);
				MARKETING_VERSION = 1.0;
				PRODUCT_BUNDLE_IDENTIFIER = alperensarisan.Ribaund;
				PRODUCT_NAME = "$(TARGET_NAME)";
				STRING_CATALOG_GENERATE_SYMBOLS = YES;
				SWIFT_APPROACHABLE_CONCURRENCY = YES;
				SWIFT_DEFAULT_ACTOR_ISOLATION = MainActor;
				SWIFT_EMIT_LOC_STRINGS = YES;
				SWIFT_UPCOMING_FEATURE_MEMBER_IMPORT_VISIBILITY = YES;
				SWIFT_VERSION = 5.0;
				TARGETED_DEVICE_FAMILY = "1,2";
			};
			name = Release;
		};
/* End XCBuildConfiguration section */

/* Begin XCConfigurationList section */
		840E9EC22EB1604B000880BD /* Build configuration list for PBXProject "Ribaund" */ = {
			isa = XCConfigurationList;
			buildConfigurations = (
				840E9ED02EB1604C000880BD /* Debug */,
				840E9ED12EB1604C000880BD /* Release */,
			);
			defaultConfigurationIsVisible = 0;
			defaultConfigurationName = Release;
		};
		840E9ED22EB1604C000880BD /* Build configuration list for PBXNativeTarget "Ribaund" */ = {
			isa = XCConfigurationList;
			buildConfigurations = (
				840E9ED32EB1604C000880BD /* Debug */,
				840E9ED42EB1604C000880BD /* Release */,
			);
			defaultConfigurationIsVisible = 0;
			defaultConfigurationName = Release;
		};
/* End XCConfigurationList section */
	};
	rootObject = 840E9EBF2EB1604B000880BD /* Project object */;
}
